
Microsoft Visual Studio Solution File, Format Version 12.00
# Visual Studio Version 16
VisualStudioVersion = 16.0.30011.22
MinimumVisualStudioVersion = 10.0.40219.1
Project("{9A19103F-16F7-4668-BE54-9A1E7A4F7556}") = "RailgunNet", "RailgunNet\RailgunNet.csproj", "{71FADA64-87B4-4EE9-B36C-7593E3115D84}"
EndProject
Project("{9A19103F-16F7-4668-BE54-9A1E7A4F7556}") = "Tests", "Tests\Tests.csproj", "{45EFA226-5D74-48A5-A4EE-5A508F7489A9}"
EndProject
Project("{2150E333-8FDC-42A3-9474-1A3956D46DE8}") = "Solution Items", "Solution Items", "{98844581-1787-4ACF-AB36-E0FEC34B1205}"
	ProjectSection(SolutionItems) = preProject
		.editorconfig = .editorconfig
	EndProjectSection
EndProject
Project("{FAE04EC0-301F-11D3-BF4B-00C04F79EFBC}") = "RailgunNet.Wrappers", "NetworkWrappers\RailgunNet.Wrappers.csproj", "{29360A17-0DD6-439A-BAF9-765D60213E56}"
EndProject
Global
	GlobalSection(SolutionConfigurationPlatforms) = preSolution
		Debug|Any CPU = Debug|Any CPU
		Release|Any CPU = Release|Any CPU
	EndGlobalSection
	GlobalSection(ProjectConfigurationPlatforms) = postSolution
		{71FADA64-87B4-4EE9-B36C-7593E3115D84}.Debug|Any CPU.ActiveCfg = Debug|Any CPU
		{71FADA64-87B4-4EE9-B36C-7593E3115D84}.Debug|Any CPU.Build.0 = Debug|Any CPU
		{71FADA64-87B4-4EE9-B36C-7593E3115D84}.Release|Any CPU.ActiveCfg = Release|Any CPU
		{71FADA64-87B4-4EE9-B36C-7593E3115D84}.Release|Any CPU.Build.0 = Release|Any CPU
		{45EFA226-5D74-48A5-A4EE-5A508F7489A9}.Debug|Any CPU.ActiveCfg = Debug|Any CPU
		{45EFA226-5D74-48A5-A4EE-5A508F7489A9}.Debug|Any CPU.Build.0 = Debug|Any CPU
		{45EFA226-5D74-48A5-A4EE-5A508F7489A9}.Release|Any CPU.ActiveCfg = Release|Any CPU
		{45EFA226-5D74-48A5-A4EE-5A508F7489A9}.Release|Any CPU.Build.0 = Release|Any CPU
		{29360A17-0DD6-439A-BAF9-765D60213E56}.Debug|Any CPU.ActiveCfg = Debug|Any CPU
		{29360A17-0DD6-439A-BAF9-765D60213E56}.Debug|Any CPU.Build.0 = Debug|Any CPU
		{29360A17-0DD6-439A-BAF9-765D60213E56}.Release|Any CPU.ActiveCfg = Release|Any CPU
		{29360A17-0DD6-439A-BAF9-765D60213E56}.Release|Any CPU.Build.0 = Release|Any CPU
	EndGlobalSection
	GlobalSection(SolutionProperties) = preSolution
		HideSolutionNode = FALSE
	EndGlobalSection
	GlobalSection(ExtensibilityGlobals) = postSolution
		SolutionGuid = {159AF8D4-0934-4BD4-ADB4-0F66FD2C1B7E}
	EndGlobalSection
EndGlobal
